
Microsoft Visual Studio Solution File, Format Version 12.00
# Visual Studio Version 17
VisualStudioVersion = 17.7.34031.279
MinimumVisualStudioVersion = 10.0.40219.1
Project("{9A19103F-16F7-4668-BE54-9A1E7A4F7556}") = "ApiProjeKampi.WebApi", "ApiProjeKampi.WebApi\ApiProjeKampi.WebApi.csproj", "{F8084B8C-18CE-4D45-A805-26E91BA8AAB5}"
EndProject
Project("{FAE04EC0-301F-11D3-BF4B-00C04F79EFBC}") = "ApiProjeKampi.WebUI", "ApiProjeKampi.WebUI\ApiProjeKampi.WebUI.csproj", "{A6EC248C-4997-4B0C-87C9-131C08E1DE2A}"
EndProject
Global
	GlobalSection(SolutionConfigurationPlatforms) = preSolution
		Debug|Any CPU = Debug|Any CPU
		Release|Any CPU = Release|Any CPU
	EndGlobalSection
	GlobalSection(ProjectConfigurationPlatforms) = postSolution
		{F8084B8C-18CE-4D45-A805-26E91BA8AAB5}.Debug|Any CPU.ActiveCfg = Debug|Any CPU
		{F8084B8C-18CE-4D45-A805-26E91BA8AAB5}.Debug|Any CPU.Build.0 = Debug|Any CPU
		{F8084B8C-18CE-4D45-A805-26E91BA8AAB5}.Release|Any CPU.ActiveCfg = Release|Any CPU
		{F8084B8C-18CE-4D45-A805-26E91BA8AAB5}.Release|Any CPU.Build.0 = Release|Any CPU
		{A6EC248C-4997-4B0C-87C9-131C08E1DE2A}.Debug|Any CPU.ActiveCfg = Debug|Any CPU
		{A6EC248C-4997-4B0C-87C9-131C08E1DE2A}.Debug|Any CPU.Build.0 = Debug|Any CPU
		{A6EC248C-4997-4B0C-87C9-131C08E1DE2A}.Release|Any CPU.ActiveCfg = Release|Any CPU
		{A6EC248C-4997-4B0C-87C9-131C08E1DE2A}.Release|Any CPU.Build.0 = Release|Any CPU
	EndGlobalSection
	GlobalSection(SolutionProperties) = preSolution
		HideSolutionNode = FALSE
	EndGlobalSection
	GlobalSection(ExtensibilityGlobals) = postSolution
		SolutionGuid = {69A17423-003E-4B0C-9756-6CF262776E18}
	EndGlobalSection
EndGlobal
